// !$*UTF8*$!
{
	archiveVersion = 1;
	classes = {
	};
	objectVersion = 50;
	objects = {

/* Begin PBXBuildFile section */
		D841120D2509341700EFE372 /* SearchResult.swift in Sources */ = {isa = PBXBuildFile; fileRef = D841120C2509341700EFE372 /* SearchResult.swift */; };
		D88AF69025073DE0002659A2 /* AppDelegate.swift in Sources */ = {isa = PBXBuildFile; fileRef = D88AF68F25073DE0002659A2 /* AppDelegate.swift */; };
		D88AF69225073DE0002659A2 /* SceneDelegate.swift in Sources */ = {isa = PBXBuildFile; fileRef = D88AF69125073DE0002659A2 /* SceneDelegate.swift */; };
		D88AF69425073DE0002659A2 /* SearchViewController.swift in Sources */ = {isa = PBXBuildFile; fileRef = D88AF69325073DE0002659A2 /* SearchViewController.swift */; };
		D88AF69725073DE0002659A2 /* Main.storyboard in Resources */ = {isa = PBXBuildFile; fileRef = D88AF69525073DE0002659A2 /* Main.storyboard */; };
		D88AF69925073DE1002659A2 /* Assets.xcassets in Resources */ = {isa = PBXBuildFile; fileRef = D88AF69825073DE1002659A2 /* Assets.xcassets */; };
		D88AF69C25073DE1002659A2 /* LaunchScreen.storyboard in Resources */ = {isa = PBXBuildFile; fileRef = D88AF69A25073DE1002659A2 /* LaunchScreen.storyboard */; };
		D8EC6D0E250A7D93006261D2 /* SearchResultCell.xib in Resources */ = {isa = PBXBuildFile; fileRef = D8EC6D0D250A7D93006261D2 /* SearchResultCell.xib */; };
		D8EC6D10250A871C006261D2 /* SearchResultCell.swift in Sources */ = {isa = PBXBuildFile; fileRef = D8EC6D0F250A871C006261D2 /* SearchResultCell.swift */; };
		D8EC6D12250A97B8006261D2 /* NothingFoundCell.xib in Resources */ = {isa = PBXBuildFile; fileRef = D8EC6D11250A97B8006261D2 /* NothingFoundCell.xib */; };
/* End PBXBuildFile section */

/* Begin PBXFileReference section */
		D841120C2509341700EFE372 /* SearchResult.swift */ = {isa = PBXFileReference; lastKnownFileType = sourcecode.swift; path = SearchResult.swift; sourceTree = "<group>"; };
		D88AF68C25073DE0002659A2 /* StoreSearch.app */ = {isa = PBXFileReference; explicitFileType = wrapper.application; includeInIndex = 0; path = StoreSearch.app; sourceTree = BUILT_PRODUCTS_DIR; };
		D88AF68F25073DE0002659A2 /* AppDelegate.swift */ = {isa = PBXFileReference; lastKnownFileType = sourcecode.swift; path = AppDelegate.swift; sourceTree = "<group>"; };
		D88AF69125073DE0002659A2 /* SceneDelegate.swift */ = {isa = PBXFileReference; lastKnownFileType = sourcecode.swift; path = SceneDelegate.swift; sourceTree = "<group>"; };
		D88AF69325073DE0002659A2 /* SearchViewController.swift */ = {isa = PBXFileReference; lastKnownFileType = sourcecode.swift; path = SearchViewController.swift; sourceTree = "<group>"; };
		D88AF69625073DE0002659A2 /* Base */ = {isa = PBXFileReference; lastKnownFileType = file.storyboard; name = Base; path = Base.lproj/Main.storyboard; sourceTree = "<group>"; };
		D88AF69825073DE1002659A2 /* Assets.xcassets */ = {isa = PBXFileReference; lastKnownFileType = folder.assetcatalog; path = Assets.xcassets; sourceTree = "<group>"; };
		D88AF69B25073DE1002659A2 /* Base */ = {isa = PBXFileReference; lastKnownFileType = file.storyboard; name = Base; path = Base.lproj/LaunchScreen.storyboard; sourceTree = "<group>"; };
		D88AF69D25073DE1002659A2 /* Info.plist */ = {isa = PBXFileReference; lastKnownFileType = text.plist.xml; path = Info.plist; sourceTree = "<group>"; };
		D8EC6D0D250A7D93006261D2 /* SearchResultCell.xib */ = {isa = PBXFileReference; lastKnownFileType = file.xib; path = SearchResultCell.xib; sourceTree = "<group>"; };
		D8EC6D0F250A871C006261D2 /* SearchResultCell.swift */ = {isa = PBXFileReference; lastKnownFileType = sourcecode.swift; path = SearchResultCell.swift; sourceTree = "<group>"; };
		D8EC6D11250A97B8006261D2 /* NothingFoundCell.xib */ = {isa = PBXFileReference; lastKnownFileType = file.xib; path = NothingFoundCell.xib; sourceTree = "<group>"; };
/* End PBXFileReference section */

/* Begin PBXFrameworksBuildPhase section */
		D88AF68925073DE0002659A2 /* Frameworks */ = {
			isa = PBXFrameworksBuildPhase;
			buildActionMask = 2147483647;
			files = (
			);
			runOnlyForDeploymentPostprocessing = 0;
		};
/* End PBXFrameworksBuildPhase section */

/* Begin PBXGroup section */
		D88AF68325073DE0002659A2 = {
			isa = PBXGroup;
			children = (
				D88AF68E25073DE0002659A2 /* StoreSearch */,
				D88AF68D25073DE0002659A2 /* Products */,
			);
			sourceTree = "<group>";
		};
		D88AF68D25073DE0002659A2 /* Products */ = {
			isa = PBXGroup;
			children = (
				D88AF68C25073DE0002659A2 /* StoreSearch.app */,
			);
			name = Products;
			sourceTree = "<group>";
		};
		D88AF68E25073DE0002659A2 /* StoreSearch */ = {
			isa = PBXGroup;
			children = (
				D88AF68F25073DE0002659A2 /* AppDelegate.swift */,
				D88AF69125073DE0002659A2 /* SceneDelegate.swift */,
				D88AF69325073DE0002659A2 /* SearchViewController.swift */,
				D841120C2509341700EFE372 /* SearchResult.swift */,
				D8EC6D0F250A871C006261D2 /* SearchResultCell.swift */,
				D88AF69525073DE0002659A2 /* Main.storyboard */,
				D8EC6D0D250A7D93006261D2 /* SearchResultCell.xib */,
				D8EC6D11250A97B8006261D2 /* NothingFoundCell.xib */,
				D88AF69825073DE1002659A2 /* Assets.xcassets */,
				D88AF69A25073DE1002659A2 /* LaunchScreen.storyboard */,
				D88AF69D25073DE1002659A2 /* Info.plist */,
			);
			path = StoreSearch;
			sourceTree = "<group>";
		};
/* End PBXGroup section */

/* Begin PBXNativeTarget section */
		D88AF68B25073DE0002659A2 /* StoreSearch */ = {
			isa = PBXNativeTarget;
			buildConfigurationList = D88AF6A025073DE1002659A2 /* Build configuration list for PBXNativeTarget "StoreSearch" */;
			buildPhases = (
				D88AF68825073DE0002659A2 /* Sources */,
				D88AF68925073DE0002659A2 /* Frameworks */,
				D88AF68A25073DE0002659A2 /* Resources */,
			);
			buildRules = (
			);
			dependencies = (
			);
			name = StoreSearch;
			productName = StoreSearch;
			productReference = D88AF68C25073DE0002659A2 /* StoreSearch.app */;
			productType = "com.apple.product-type.application";
		};
/* End PBXNativeTarget section */

/* Begin PBXProject section */
		D88AF68425073DE0002659A2 /* Project object */ = {
			isa = PBXProject;
			attributes = {
				LastSwiftUpdateCheck = 1170;
				LastUpgradeCheck = 1170;
				ORGANIZATIONNAME = "Joe K.";
				TargetAttributes = {
					D88AF68B25073DE0002659A2 = {
						CreatedOnToolsVersion = 11.7;
					};
				};
			};
			buildConfigurationList = D88AF68725073DE0002659A2 /* Build configuration list for PBXProject "StoreSearch" */;
			compatibilityVersion = "Xcode 9.3";
			developmentRegion = en;
			hasScannedForEncodings = 0;
			knownRegions = (
				en,
				Base,
			);
			mainGroup = D88AF68325073DE0002659A2;
			productRefGroup = D88AF68D25073DE0002659A2 /* Products */;
			projectDirPath = "";
			projectRoot = "";
			targets = (
				D88AF68B25073DE0002659A2 /* StoreSearch */,
			);
		};
/* End PBXProject section */

/* Begin PBXResourcesBuildPhase section */
		D88AF68A25073DE0002659A2 /* Resources */ = {
			isa = PBXResourcesBuildPhase;
			buildActionMask = 2147483647;
			files = (
				D88AF69C25073DE1002659A2 /* LaunchScreen.storyboard in Resources */,
				D88AF69925073DE1002659A2 /* Assets.xcassets in Resources */,
				D8EC6D0E250A7D93006261D2 /* SearchResultCell.xib in Resources */,
				D8EC6D12250A97B8006261D2 /* NothingFoundCell.xib in Resources */,
				D88AF69725073DE0002659A2 /* Main.storyboard in Resources */,
			);
			runOnlyForDeploymentPostprocessing = 0;
		};
/* End PBXResourcesBuildPhase section */

/* Begin PBXSourcesBuildPhase section */
		D88AF68825073DE0002659A2 /* Sources */ = {
			isa = PBXSourcesBuildPhase;
			buildActionMask = 2147483647;
			files = (
				D88AF69425073DE0002659A2 /* SearchViewController.swift in Sources */,
				D88AF69025073DE0002659A2 /* AppDelegate.swift in Sources */,
				D841120D2509341700EFE372 /* SearchResult.swift in Sources */,
				D88AF69225073DE0002659A2 /* SceneDelegate.swift in Sources */,
				D8EC6D10250A871C006261D2 /* SearchResultCell.swift in Sources */,
			);
			runOnlyForDeploymentPostprocessing = 0;
		};
/* End PBXSourcesBuildPhase section */

/* Begin PBXVariantGroup section */
		D88AF69525073DE0002659A2 /* Main.storyboard */ = {
			isa = PBXVariantGroup;
			children = (
				D88AF69625073DE0002659A2 /* Base */,
			);
			name = Main.storyboard;
			sourceTree = "<group>";
		};
		D88AF69A25073DE1002659A2 /* LaunchScreen.storyboard */ = {
			isa = PBXVariantGroup;
			children = (
				D88AF69B25073DE1002659A2 /* Base */,
			);
			name = LaunchScreen.storyboard;
			sourceTree = "<group>";
		};
/* End PBXVariantGroup section */

/* Begin XCBuildConfiguration section */
		D88AF69E25073DE1002659A2 /* Debug */ = {
			isa = XCBuildConfiguration;
			buildSettings = {
				ALWAYS_SEARCH_USER_PATHS = NO;
				CLANG_ANALYZER_NONNULL = YES;
				CLANG_ANALYZER_NUMBER_OBJECT_CONVERSION = YES_AGGRESSIVE;
				CLANG_CXX_LANGUAGE_STANDARD = "gnu++14";
				CLANG_CXX_LIBRARY = "libc++";
				CLANG_ENABLE_MODULES = YES;
				CLANG_ENABLE_OBJC_ARC = YES;
				CLANG_ENABLE_OBJC_WEAK = YES;
				CLANG_WARN_BLOCK_CAPTURE_AUTORELEASING = YES;
				CLANG_WARN_BOOL_CONVERSION = YES;
				CLANG_WARN_COMMA = YES;
				CLANG_WARN_CONSTANT_CONVERSION = YES;
				CLANG_WARN_DEPRECATED_OBJC_IMPLEMENTATIONS = YES;
				CLANG_WARN_DIRECT_OBJC_ISA_USAGE = YES_ERROR;
				CLANG_WARN_DOCUMENTATION_COMMENTS = YES;
				CLANG_WARN_EMPTY_BODY = YES;
				CLANG_WARN_ENUM_CONVERSION = YES;
				CLANG_WARN_INFINITE_RECURSION = YES;
				CLANG_WARN_INT_CONVERSION = YES;
				CLANG_WARN_NON_LITERAL_NULL_CONVERSION = YES;
				CLANG_WARN_OBJC_IMPLICIT_RETAIN_SELF = YES;
				CLANG_WARN_OBJC_LITERAL_CONVERSION = YES;
				CLANG_WARN_OBJC_ROOT_CLASS = YES_ERROR;
				CLANG_WARN_RANGE_LOOP_ANALYSIS = YES;
				CLANG_WARN_STRICT_PROTOTYPES = YES;
				CLANG_WARN_SUSPICIOUS_MOVE = YES;
				CLANG_WARN_UNGUARDED_AVAILABILITY = YES_AGGRESSIVE;
				CLANG_WARN_UNREACHABLE_CODE = YES;
				CLANG_WARN__DUPLICATE_METHOD_MATCH = YES;
				COPY_PHASE_STRIP = NO;
				DEBUG_INFORMATION_FORMAT = dwarf;
				ENABLE_STRICT_OBJC_MSGSEND = YES;
				ENABLE_TESTABILITY = YES;
				GCC_C_LANGUAGE_STANDARD = gnu11;
				GCC_DYNAMIC_NO_PIC = NO;
				GCC_NO_COMMON_BLOCKS = YES;
				GCC_OPTIMIZATION_LEVEL = 0;
				GCC_PREPROCESSOR_DEFINITIONS = (
					"DEBUG=1",
					"$(inherited)",
				);
				GCC_WARN_64_TO_32_BIT_CONVERSION = YES;
				GCC_WARN_ABOUT_RETURN_TYPE = YES_ERROR;
				GCC_WARN_UNDECLARED_SELECTOR = YES;
				GCC_WARN_UNINITIALIZED_AUTOS = YES_AGGRESSIVE;
				GCC_WARN_UNUSED_FUNCTION = YES;
				GCC_WARN_UNUSED_VARIABLE = YES;
				IPHONEOS_DEPLOYMENT_TARGET = 13.7;
				MTL_ENABLE_DEBUG_INFO = INCLUDE_SOURCE;
				MTL_FAST_MATH = YES;
				ONLY_ACTIVE_ARCH = YES;
				SDKROOT = iphoneos;
				SWIFT_ACTIVE_COMPILATION_CONDITIONS = DEBUG;
				SWIFT_OPTIMIZATION_LEVEL = "-Onone";
			};
			name = Debug;
		};
		D88AF69F25073DE1002659A2 /* Release */ = {
			isa = XCBuildConfiguration;
			buildSettings = {
				ALWAYS_SEARCH_USER_PATHS = NO;
				CLANG_ANALYZER_NONNULL = YES;
				CLANG_ANALYZER_NUMBER_OBJECT_CONVERSION = YES_AGGRESSIVE;
				CLANG_CXX_LANGUAGE_STANDARD = "gnu++14";
				CLANG_CXX_LIBRARY = "libc++";
				CLANG_ENABLE_MODULES = YES;
				CLANG_ENABLE_OBJC_ARC = YES;
				CLANG_ENABLE_OBJC_WEAK = YES;
				CLANG_WARN_BLOCK_CAPTURE_AUTORELEASING = YES;
				CLANG_WARN_BOOL_CONVERSION = YES;
				CLANG_WARN_COMMA = YES;
				CLANG_WARN_CONSTANT_CONVERSION = YES;
				CLANG_WARN_DEPRECATED_OBJC_IMPLEMENTATIONS = YES;
				CLANG_WARN_DIRECT_OBJC_ISA_USAGE = YES_ERROR;
				CLANG_WARN_DOCUMENTATION_COMMENTS = YES;
				CLANG_WARN_EMPTY_BODY = YES;
				CLANG_WARN_ENUM_CONVERSION = YES;
				CLANG_WARN_INFINITE_RECURSION = YES;
				CLANG_WARN_INT_CONVERSION = YES;
				CLANG_WARN_NON_LITERAL_NULL_CONVERSION = YES;
				CLANG_WARN_OBJC_IMPLICIT_RETAIN_SELF = YES;
				CLANG_WARN_OBJC_LITERAL_CONVERSION = YES;
				CLANG_WARN_OBJC_ROOT_CLASS = YES_ERROR;
				CLANG_WARN_RANGE_LOOP_ANALYSIS = YES;
				CLANG_WARN_STRICT_PROTOTYPES = YES;
				CLANG_WARN_SUSPICIOUS_MOVE = YES;
				CLANG_WARN_UNGUARDED_AVAILABILITY = YES_AGGRESSIVE;
				CLANG_WARN_UNREACHABLE_CODE = YES;
				CLANG_WARN__DUPLICATE_METHOD_MATCH = YES;
				COPY_PHASE_STRIP = NO;
				DEBUG_INFORMATION_FORMAT = "dwarf-with-dsym";
				ENABLE_NS_ASSERTIONS = NO;
				ENABLE_STRICT_OBJC_MSGSEND = YES;
				GCC_C_LANGUAGE_STANDARD = gnu11;
				GCC_NO_COMMON_BLOCKS = YES;
				GCC_WARN_64_TO_32_BIT_CONVERSION = YES;
				GCC_WARN_ABOUT_RETURN_TYPE = YES_ERROR;
				GCC_WARN_UNDECLARED_SELECTOR = YES;
				GCC_WARN_UNINITIALIZED_AUTOS = YES_AGGRESSIVE;
				GCC_WARN_UNUSED_FUNCTION = YES;
				GCC_WARN_UNUSED_VARIABLE = YES;
				IPHONEOS_DEPLOYMENT_TARGET = 13.7;
				MTL_ENABLE_DEBUG_INFO = NO;
				MTL_FAST_MATH = YES;
				SDKROOT = iphoneos;
				SWIFT_COMPILATION_MODE = wholemodule;
				SWIFT_OPTIMIZATION_LEVEL = "-O";
				VALIDATE_PRODUCT = YES;
			};
			name = Release;
		};
		D88AF6A125073DE1002659A2 /* Debug */ = {
			isa = XCBuildConfiguration;
			buildSettings = {
				ASSETCATALOG_COMPILER_APPICON_NAME = AppIcon;
				CODE_SIGN_STYLE = Automatic;
				DEVELOPMENT_TEAM = Q5CYH8RVUS;
				INFOPLIST_FILE = StoreSearch/Info.plist;
				LD_RUNPATH_SEARCH_PATHS = (
					"$(inherited)",
					"@executable_path/Frameworks",
				);
				PRODUCT_BUNDLE_IDENTIFIER = com.joe3524.StoreSearch;
				PRODUCT_NAME = "$(TARGET_NAME)";
				SWIFT_VERSION = 5.0;
				TARGETED_DEVICE_FAMILY = "1,2";
			};
			name = Debug;
		};
		D88AF6A225073DE1002659A2 /* Release */ = {
			isa = XCBuildConfiguration;
			buildSettings = {
				ASSETCATALOG_COMPILER_APPICON_NAME = AppIcon;
				CODE_SIGN_STYLE = Automatic;
				DEVELOPMENT_TEAM = Q5CYH8RVUS;
				INFOPLIST_FILE = StoreSearch/Info.plist;
				LD_RUNPATH_SEARCH_PATHS = (
					"$(inherited)",
					"@executable_path/Frameworks",
				);
				PRODUCT_BUNDLE_IDENTIFIER = com.joe3524.StoreSearch;
				PRODUCT_NAME = "$(TARGET_NAME)";
				SWIFT_VERSION = 5.0;
				TARGETED_DEVICE_FAMILY = "1,2";
			};
			name = Release;
		};
/* End XCBuildConfiguration section */

/* Begin XCConfigurationList section */
		D88AF68725073DE0002659A2 /* Build configuration list for PBXProject "StoreSearch" */ = {
			isa = XCConfigurationList;
			buildConfigurations = (
				D88AF69E25073DE1002659A2 /* Debug */,
				D88AF69F25073DE1002659A2 /* Release */,
			);
			defaultConfigurationIsVisible = 0;
			defaultConfigurationName = Release;
		};
		D88AF6A025073DE1002659A2 /* Build configuration list for PBXNativeTarget "StoreSearch" */ = {
			isa = XCConfigurationList;
			buildConfigurations = (
				D88AF6A125073DE1002659A2 /* Debug */,
				D88AF6A225073DE1002659A2 /* Release */,
			);
			defaultConfigurationIsVisible = 0;
			defaultConfigurationName = Release;
		};
/* End XCConfigurationList section */
	};
	rootObject = D88AF68425073DE0002659A2 /* Project object */;
}
